// !$*UTF8*$!
{
	archiveVersion = 1;
	classes = {
	};
	objectVersion = 46;
	objects = {

/* Begin PBXBuildFile section */
		194B713C28D0204A00A792D2 /* NewsP1.JSON in Resources */ = {isa = PBXBuildFile; fileRef = 194B713A28D0204A00A792D2 /* NewsP1.JSON */; };
		194B713D28D0204A00A792D2 /* NewsP2.JSON in Resources */ = {isa = PBXBuildFile; fileRef = 194B713B28D0204A00A792D2 /* NewsP2.JSON */; };
		194B714328D0403B00A792D2 /* NewsP3.JSON in Resources */ = {isa = PBXBuildFile; fileRef = 194B714228D0403B00A792D2 /* NewsP3.JSON */; };
		197C1A9E28D1CF990099842C /* ATExampleCollectionViewController.m in Sources */ = {isa = PBXBuildFile; fileRef = 197C1A9D28D1CF990099842C /* ATExampleCollectionViewController.m */; };
		19B66A2B28D1E4AE0055FCEE /* ATNewsCollectionSectionHeaderView.m in Sources */ = {isa = PBXBuildFile; fileRef = 19B66A2A28D1E4AE0055FCEE /* ATNewsCollectionSectionHeaderView.m */; };
		19B66A2E28D1E4CE0055FCEE /* ATNewsCollectionViewCell.m in Sources */ = {isa = PBXBuildFile; fileRef = 19B66A2D28D1E4CE0055FCEE /* ATNewsCollectionViewCell.m */; };
		19D546F428CB25C400FB8263 /* ATExampleTableViewController.m in Sources */ = {isa = PBXBuildFile; fileRef = 19D546F328CB25C400FB8263 /* ATExampleTableViewController.m */; };
		19D546FB28CB298700FB8263 /* ATNewsTableViewCell.m in Sources */ = {isa = PBXBuildFile; fileRef = 19D546FA28CB298700FB8263 /* ATNewsTableViewCell.m */; };
		19D5470228CB3B5800FB8263 /* ATNewsTableSectionHeaderView.m in Sources */ = {isa = PBXBuildFile; fileRef = 19D5470128CB3B5800FB8263 /* ATNewsTableSectionHeaderView.m */; };
		19D5470928CB405900FB8263 /* ATNews.m in Sources */ = {isa = PBXBuildFile; fileRef = 19D5470828CB405900FB8263 /* ATNews.m */; };
		19D5470E28CB424E00FB8263 /* ATNewsViewModel.m in Sources */ = {isa = PBXBuildFile; fileRef = 19D5470D28CB424E00FB8263 /* ATNewsViewModel.m */; };
		5136A8EDC55CDBF09741B6E0 /* Pods_ATListViewController_Tests.framework in Frameworks */ = {isa = PBXBuildFile; fileRef = A6D59384A3BEF45989358B9D /* Pods_ATListViewController_Tests.framework */; };
		6003F58E195388D20070C39A /* Foundation.framework in Frameworks */ = {isa = PBXBuildFile; fileRef = 6003F58D195388D20070C39A /* Foundation.framework */; };
		6003F590195388D20070C39A /* CoreGraphics.framework in Frameworks */ = {isa = PBXBuildFile; fileRef = 6003F58F195388D20070C39A /* CoreGraphics.framework */; };
		6003F592195388D20070C39A /* UIKit.framework in Frameworks */ = {isa = PBXBuildFile; fileRef = 6003F591195388D20070C39A /* UIKit.framework */; };
		6003F598195388D20070C39A /* InfoPlist.strings in Resources */ = {isa = PBXBuildFile; fileRef = 6003F596195388D20070C39A /* InfoPlist.strings */; };
		6003F59A195388D20070C39A /* main.m in Sources */ = {isa = PBXBuildFile; fileRef = 6003F599195388D20070C39A /* main.m */; };
		6003F59E195388D20070C39A /* ATAppDelegate.m in Sources */ = {isa = PBXBuildFile; fileRef = 6003F59D195388D20070C39A /* ATAppDelegate.m */; };
		6003F5A7195388D20070C39A /* ATViewController.m in Sources */ = {isa = PBXBuildFile; fileRef = 6003F5A6195388D20070C39A /* ATViewController.m */; };
		6003F5A9195388D20070C39A /* Images.xcassets in Resources */ = {isa = PBXBuildFile; fileRef = 6003F5A8195388D20070C39A /* Images.xcassets */; };
		6003F5B0195388D20070C39A /* XCTest.framework in Frameworks */ = {isa = PBXBuildFile; fileRef = 6003F5AF195388D20070C39A /* XCTest.framework */; };
		6003F5B1195388D20070C39A /* Foundation.framework in Frameworks */ = {isa = PBXBuildFile; fileRef = 6003F58D195388D20070C39A /* Foundation.framework */; };
		6003F5B2195388D20070C39A /* UIKit.framework in Frameworks */ = {isa = PBXBuildFile; fileRef = 6003F591195388D20070C39A /* UIKit.framework */; };
		6003F5BA195388D20070C39A /* InfoPlist.strings in Resources */ = {isa = PBXBuildFile; fileRef = 6003F5B8195388D20070C39A /* InfoPlist.strings */; };
		6003F5BC195388D20070C39A /* Tests.m in Sources */ = {isa = PBXBuildFile; fileRef = 6003F5BB195388D20070C39A /* Tests.m */; };
		71719F9F1E33DC2100824A3D /* LaunchScreen.storyboard in Resources */ = {isa = PBXBuildFile; fileRef = 71719F9D1E33DC2100824A3D /* LaunchScreen.storyboard */; };
		873B8AEB1B1F5CCA007FD442 /* Main.storyboard in Resources */ = {isa = PBXBuildFile; fileRef = 873B8AEA1B1F5CCA007FD442 /* Main.storyboard */; };
		F645C4FE24B6D789457C4BDA /* Pods_ATListViewController_Example.framework in Frameworks */ = {isa = PBXBuildFile; fileRef = E3E4C858EF9DBA6D65780F37 /* Pods_ATListViewController_Example.framework */; };
/* End PBXBuildFile section */

/* Begin PBXContainerItemProxy section */
		6003F5B3195388D20070C39A /* PBXContainerItemProxy */ = {
			isa = PBXContainerItemProxy;
			containerPortal = 6003F582195388D10070C39A /* Project object */;
			proxyType = 1;
			remoteGlobalIDString = 6003F589195388D20070C39A;
			remoteInfo = ATListViewController;
		};
/* End PBXContainerItemProxy section */

/* Begin PBXFileReference section */
		194B713A28D0204A00A792D2 /* NewsP1.JSON */ = {isa = PBXFileReference; fileEncoding = 4; lastKnownFileType = text.json; path = NewsP1.JSON; sourceTree = "<group>"; };
		194B713B28D0204A00A792D2 /* NewsP2.JSON */ = {isa = PBXFileReference; fileEncoding = 4; lastKnownFileType = text.json; path = NewsP2.JSON; sourceTree = "<group>"; };
		194B714228D0403B00A792D2 /* NewsP3.JSON */ = {isa = PBXFileReference; fileEncoding = 4; lastKnownFileType = text.json; path = NewsP3.JSON; sourceTree = "<group>"; };
		197C1A9C28D1CF990099842C /* ATExampleCollectionViewController.h */ = {isa = PBXFileReference; lastKnownFileType = sourcecode.c.h; path = ATExampleCollectionViewController.h; sourceTree = "<group>"; };
		197C1A9D28D1CF990099842C /* ATExampleCollectionViewController.m */ = {isa = PBXFileReference; lastKnownFileType = sourcecode.c.objc; path = ATExampleCollectionViewController.m; sourceTree = "<group>"; };
		19B66A2928D1E4AE0055FCEE /* ATNewsCollectionSectionHeaderView.h */ = {isa = PBXFileReference; lastKnownFileType = sourcecode.c.h; path = ATNewsCollectionSectionHeaderView.h; sourceTree = "<group>"; };
		19B66A2A28D1E4AE0055FCEE /* ATNewsCollectionSectionHeaderView.m */ = {isa = PBXFileReference; lastKnownFileType = sourcecode.c.objc; path = ATNewsCollectionSectionHeaderView.m; sourceTree = "<group>"; };
		19B66A2C28D1E4CE0055FCEE /* ATNewsCollectionViewCell.h */ = {isa = PBXFileReference; lastKnownFileType = sourcecode.c.h; path = ATNewsCollectionViewCell.h; sourceTree = "<group>"; };
		19B66A2D28D1E4CE0055FCEE /* ATNewsCollectionViewCell.m */ = {isa = PBXFileReference; lastKnownFileType = sourcecode.c.objc; path = ATNewsCollectionViewCell.m; sourceTree = "<group>"; };
		19D546F228CB25C400FB8263 /* ATExampleTableViewController.h */ = {isa = PBXFileReference; lastKnownFileType = sourcecode.c.h; path = ATExampleTableViewController.h; sourceTree = "<group>"; };
		19D546F328CB25C400FB8263 /* ATExampleTableViewController.m */ = {isa = PBXFileReference; lastKnownFileType = sourcecode.c.objc; path = ATExampleTableViewController.m; sourceTree = "<group>"; };
		19D546F928CB298700FB8263 /* ATNewsTableViewCell.h */ = {isa = PBXFileReference; lastKnownFileType = sourcecode.c.h; path = ATNewsTableViewCell.h; sourceTree = "<group>"; };
		19D546FA28CB298700FB8263 /* ATNewsTableViewCell.m */ = {isa = PBXFileReference; lastKnownFileType = sourcecode.c.objc; path = ATNewsTableViewCell.m; sourceTree = "<group>"; };
		19D5470028CB3B5800FB8263 /* ATNewsTableSectionHeaderView.h */ = {isa = PBXFileReference; lastKnownFileType = sourcecode.c.h; path = ATNewsTableSectionHeaderView.h; sourceTree = "<group>"; };
		19D5470128CB3B5800FB8263 /* ATNewsTableSectionHeaderView.m */ = {isa = PBXFileReference; lastKnownFileType = sourcecode.c.objc; path = ATNewsTableSectionHeaderView.m; sourceTree = "<group>"; };
		19D5470728CB405900FB8263 /* ATNews.h */ = {isa = PBXFileReference; lastKnownFileType = sourcecode.c.h; path = ATNews.h; sourceTree = "<group>"; };
		19D5470828CB405900FB8263 /* ATNews.m */ = {isa = PBXFileReference; lastKnownFileType = sourcecode.c.objc; path = ATNews.m; sourceTree = "<group>"; };
		19D5470C28CB424E00FB8263 /* ATNewsViewModel.h */ = {isa = PBXFileReference; lastKnownFileType = sourcecode.c.h; path = ATNewsViewModel.h; sourceTree = "<group>"; };
		19D5470D28CB424E00FB8263 /* ATNewsViewModel.m */ = {isa = PBXFileReference; lastKnownFileType = sourcecode.c.objc; path = ATNewsViewModel.m; sourceTree = "<group>"; };
		41642B0E3FAB4679C4FED1B4 /* Pods-ATListViewController_Example.debug.xcconfig */ = {isa = PBXFileReference; includeInIndex = 1; lastKnownFileType = text.xcconfig; name = "Pods-ATListViewController_Example.debug.xcconfig"; path = "Target Support Files/Pods-ATListViewController_Example/Pods-ATListViewController_Example.debug.xcconfig"; sourceTree = "<group>"; };
		567BCC4574C390CE8262DF1B /* ATListViewController.podspec */ = {isa = PBXFileReference; includeInIndex = 1; lastKnownFileType = text; name = ATListViewController.podspec; path = ../ATListViewController.podspec; sourceTree = "<group>"; xcLanguageSpecificationIdentifier = xcode.lang.ruby; };
		6003F58A195388D20070C39A /* ATListViewController_Example.app */ = {isa = PBXFileReference; explicitFileType = wrapper.application; includeInIndex = 0; path = ATListViewController_Example.app; sourceTree = BUILT_PRODUCTS_DIR; };
		6003F58D195388D20070C39A /* Foundation.framework */ = {isa = PBXFileReference; lastKnownFileType = wrapper.framework; name = Foundation.framework; path = System/Library/Frameworks/Foundation.framework; sourceTree = SDKROOT; };
		6003F58F195388D20070C39A /* CoreGraphics.framework */ = {isa = PBXFileReference; lastKnownFileType = wrapper.framework; name = CoreGraphics.framework; path = System/Library/Frameworks/CoreGraphics.framework; sourceTree = SDKROOT; };
		6003F591195388D20070C39A /* UIKit.framework */ = {isa = PBXFileReference; lastKnownFileType = wrapper.framework; name = UIKit.framework; path = System/Library/Frameworks/UIKit.framework; sourceTree = SDKROOT; };
		6003F595195388D20070C39A /* ATListViewController-Info.plist */ = {isa = PBXFileReference; lastKnownFileType = text.plist.xml; path = "ATListViewController-Info.plist"; sourceTree = "<group>"; };
		6003F597195388D20070C39A /* en */ = {isa = PBXFileReference; lastKnownFileType = text.plist.strings; name = en; path = en.lproj/InfoPlist.strings; sourceTree = "<group>"; };
		6003F599195388D20070C39A /* main.m */ = {isa = PBXFileReference; lastKnownFileType = sourcecode.c.objc; path = main.m; sourceTree = "<group>"; };
		6003F59B195388D20070C39A /* ATListViewController-Prefix.pch */ = {isa = PBXFileReference; lastKnownFileType = sourcecode.c.h; path = "ATListViewController-Prefix.pch"; sourceTree = "<group>"; };
		6003F59C195388D20070C39A /* ATAppDelegate.h */ = {isa = PBXFileReference; lastKnownFileType = sourcecode.c.h; path = ATAppDelegate.h; sourceTree = "<group>"; };
		6003F59D195388D20070C39A /* ATAppDelegate.m */ = {isa = PBXFileReference; lastKnownFileType = sourcecode.c.objc; path = ATAppDelegate.m; sourceTree = "<group>"; };
		6003F5A5195388D20070C39A /* ATViewController.h */ = {isa = PBXFileReference; lastKnownFileType = sourcecode.c.h; path = ATViewController.h; sourceTree = "<group>"; };
		6003F5A6195388D20070C39A /* ATViewController.m */ = {isa = PBXFileReference; lastKnownFileType = sourcecode.c.objc; path = ATViewController.m; sourceTree = "<group>"; };
		6003F5A8195388D20070C39A /* Images.xcassets */ = {isa = PBXFileReference; lastKnownFileType = folder.assetcatalog; path = Images.xcassets; sourceTree = "<group>"; };
		6003F5AE195388D20070C39A /* ATListViewController_Tests.xctest */ = {isa = PBXFileReference; explicitFileType = wrapper.cfbundle; includeInIndex = 0; path = ATListViewController_Tests.xctest; sourceTree = BUILT_PRODUCTS_DIR; };
		6003F5AF195388D20070C39A /* XCTest.framework */ = {isa = PBXFileReference; lastKnownFileType = wrapper.framework; name = XCTest.framework; path = Library/Frameworks/XCTest.framework; sourceTree = DEVELOPER_DIR; };
		6003F5B7195388D20070C39A /* Tests-Info.plist */ = {isa = PBXFileReference; lastKnownFileType = text.plist.xml; path = "Tests-Info.plist"; sourceTree = "<group>"; };
		6003F5B9195388D20070C39A /* en */ = {isa = PBXFileReference; lastKnownFileType = text.plist.strings; name = en; path = en.lproj/InfoPlist.strings; sourceTree = "<group>"; };
		6003F5BB195388D20070C39A /* Tests.m */ = {isa = PBXFileReference; lastKnownFileType = sourcecode.c.objc; path = Tests.m; sourceTree = "<group>"; };
		606FC2411953D9B200FFA9A0 /* Tests-Prefix.pch */ = {isa = PBXFileReference; lastKnownFileType = sourcecode.c.h; path = "Tests-Prefix.pch"; sourceTree = "<group>"; };
		71719F9E1E33DC2100824A3D /* Base */ = {isa = PBXFileReference; lastKnownFileType = file.storyboard; name = Base; path = Base.lproj/LaunchScreen.storyboard; sourceTree = "<group>"; };
		7625957319E789CBF3745DB6 /* Pods-ATListViewController_Example.release.xcconfig */ = {isa = PBXFileReference; includeInIndex = 1; lastKnownFileType = text.xcconfig; name = "Pods-ATListViewController_Example.release.xcconfig"; path = "Target Support Files/Pods-ATListViewController_Example/Pods-ATListViewController_Example.release.xcconfig"; sourceTree = "<group>"; };
		7C534CCD58DB028E58FDC992 /* LICENSE */ = {isa = PBXFileReference; includeInIndex = 1; lastKnownFileType = text; name = LICENSE; path = ../LICENSE; sourceTree = "<group>"; };
		873B8AEA1B1F5CCA007FD442 /* Main.storyboard */ = {isa = PBXFileReference; fileEncoding = 4; lastKnownFileType = file.storyboard; name = Main.storyboard; path = Base.lproj/Main.storyboard; sourceTree = "<group>"; };
		A6D59384A3BEF45989358B9D /* Pods_ATListViewController_Tests.framework */ = {isa = PBXFileReference; explicitFileType = wrapper.framework; includeInIndex = 0; path = Pods_ATListViewController_Tests.framework; sourceTree = BUILT_PRODUCTS_DIR; };
		D74A1C3F321BC5CFD52A3738 /* README.md */ = {isa = PBXFileReference; includeInIndex = 1; lastKnownFileType = net.daringfireball.markdown; name = README.md; path = ../README.md; sourceTree = "<group>"; };
		DCE6FEC4B0E6AF180B18D049 /* Pods-ATListViewController_Tests.debug.xcconfig */ = {isa = PBXFileReference; includeInIndex = 1; lastKnownFileType = text.xcconfig; name = "Pods-ATListViewController_Tests.debug.xcconfig"; path = "Target Support Files/Pods-ATListViewController_Tests/Pods-ATListViewController_Tests.debug.xcconfig"; sourceTree = "<group>"; };
		E3E4C858EF9DBA6D65780F37 /* Pods_ATListViewController_Example.framework */ = {isa = PBXFileReference; explicitFileType = wrapper.framework; includeInIndex = 0; path = Pods_ATListViewController_Example.framework; sourceTree = BUILT_PRODUCTS_DIR; };
		F82F52F7927B5B28EFA85A61 /* Pods-ATListViewController_Tests.release.xcconfig */ = {isa = PBXFileReference; includeInIndex = 1; lastKnownFileType = text.xcconfig; name = "Pods-ATListViewController_Tests.release.xcconfig"; path = "Target Support Files/Pods-ATListViewController_Tests/Pods-ATListViewController_Tests.release.xcconfig"; sourceTree = "<group>"; };
/* End PBXFileReference section */

/* Begin PBXFrameworksBuildPhase section */
		6003F587195388D20070C39A /* Frameworks */ = {
			isa = PBXFrameworksBuildPhase;
			buildActionMask = 2147483647;
			files = (
				6003F590195388D20070C39A /* CoreGraphics.framework in Frameworks */,
				6003F592195388D20070C39A /* UIKit.framework in Frameworks */,
				6003F58E195388D20070C39A /* Foundation.framework in Frameworks */,
				F645C4FE24B6D789457C4BDA /* Pods_ATListViewController_Example.framework in Frameworks */,
			);
			runOnlyForDeploymentPostprocessing = 0;
		};
		6003F5AB195388D20070C39A /* Frameworks */ = {
			isa = PBXFrameworksBuildPhase;
			buildActionMask = 2147483647;
			files = (
				6003F5B0195388D20070C39A /* XCTest.framework in Frameworks */,
				6003F5B2195388D20070C39A /* UIKit.framework in Frameworks */,
				6003F5B1195388D20070C39A /* Foundation.framework in Frameworks */,
				5136A8EDC55CDBF09741B6E0 /* Pods_ATListViewController_Tests.framework in Frameworks */,
			);
			runOnlyForDeploymentPostprocessing = 0;
		};
/* End PBXFrameworksBuildPhase section */

/* Begin PBXGroup section */
		194B713E28D0205800A792D2 /* FakeJSON */ = {
			isa = PBXGroup;
			children = (
				194B713A28D0204A00A792D2 /* NewsP1.JSON */,
				194B713B28D0204A00A792D2 /* NewsP2.JSON */,
				194B714228D0403B00A792D2 /* NewsP3.JSON */,
			);
			path = FakeJSON;
			sourceTree = "<group>";
		};
		197C1A9F28D1CFAA0099842C /* CollectionView */ = {
			isa = PBXGroup;
			children = (
				197C1AA028D1CFB10099842C /* Controller */,
				19B66A2F28D1E4D40055FCEE /* View */,
			);
			path = CollectionView;
			sourceTree = "<group>";
		};
		197C1AA028D1CFB10099842C /* Controller */ = {
			isa = PBXGroup;
			children = (
				197C1A9C28D1CF990099842C /* ATExampleCollectionViewController.h */,
				197C1A9D28D1CF990099842C /* ATExampleCollectionViewController.m */,
			);
			path = Controller;
			sourceTree = "<group>";
		};
		19B66A2F28D1E4D40055FCEE /* View */ = {
			isa = PBXGroup;
			children = (
				19B66A2928D1E4AE0055FCEE /* ATNewsCollectionSectionHeaderView.h */,
				19B66A2A28D1E4AE0055FCEE /* ATNewsCollectionSectionHeaderView.m */,
				19B66A2C28D1E4CE0055FCEE /* ATNewsCollectionViewCell.h */,
				19B66A2D28D1E4CE0055FCEE /* ATNewsCollectionViewCell.m */,
			);
			path = View;
			sourceTree = "<group>";
		};
		19D5470428CB3FF600FB8263 /* TableView */ = {
			isa = PBXGroup;
			children = (
				19D5470528CB401000FB8263 /* Controller */,
				19D5470628CB402600FB8263 /* View */,
				19D5470A28CB406100FB8263 /* Model */,
			);
			path = TableView;
			sourceTree = "<group>";
		};
		19D5470528CB401000FB8263 /* Controller */ = {
			isa = PBXGroup;
			children = (
				19D546F228CB25C400FB8263 /* ATExampleTableViewController.h */,
				19D546F328CB25C400FB8263 /* ATExampleTableViewController.m */,
			);
			name = Controller;
			sourceTree = "<group>";
		};
		19D5470628CB402600FB8263 /* View */ = {
			isa = PBXGroup;
			children = (
				19D5470028CB3B5800FB8263 /* ATNewsTableSectionHeaderView.h */,
				19D5470128CB3B5800FB8263 /* ATNewsTableSectionHeaderView.m */,
				19D546F928CB298700FB8263 /* ATNewsTableViewCell.h */,
				19D546FA28CB298700FB8263 /* ATNewsTableViewCell.m */,
			);
			path = View;
			sourceTree = "<group>";
		};
		19D5470A28CB406100FB8263 /* Model */ = {
			isa = PBXGroup;
			children = (
				19D5470728CB405900FB8263 /* ATNews.h */,
				19D5470828CB405900FB8263 /* ATNews.m */,
				19D5470C28CB424E00FB8263 /* ATNewsViewModel.h */,
				19D5470D28CB424E00FB8263 /* ATNewsViewModel.m */,
				194B713E28D0205800A792D2 /* FakeJSON */,
			);
			path = Model;
			sourceTree = "<group>";
		};
		6003F581195388D10070C39A = {
			isa = PBXGroup;
			children = (
				60FF7A9C1954A5C5007DD14C /* Podspec Metadata */,
				6003F593195388D20070C39A /* Example for ATListViewController */,
				6003F5B5195388D20070C39A /* Tests */,
				6003F58C195388D20070C39A /* Frameworks */,
				6003F58B195388D20070C39A /* Products */,
				944958009F50DDAEEF8AF79F /* Pods */,
			);
			sourceTree = "<group>";
		};
		6003F58B195388D20070C39A /* Products */ = {
			isa = PBXGroup;
			children = (
				6003F58A195388D20070C39A /* ATListViewController_Example.app */,
				6003F5AE195388D20070C39A /* ATListViewController_Tests.xctest */,
			);
			name = Products;
			sourceTree = "<group>";
		};
		6003F58C195388D20070C39A /* Frameworks */ = {
			isa = PBXGroup;
			children = (
				6003F58D195388D20070C39A /* Foundation.framework */,
				6003F58F195388D20070C39A /* CoreGraphics.framework */,
				6003F591195388D20070C39A /* UIKit.framework */,
				6003F5AF195388D20070C39A /* XCTest.framework */,
				E3E4C858EF9DBA6D65780F37 /* Pods_ATListViewController_Example.framework */,
				A6D59384A3BEF45989358B9D /* Pods_ATListViewController_Tests.framework */,
			);
			name = Frameworks;
			sourceTree = "<group>";
		};
		6003F593195388D20070C39A /* Example for ATListViewController */ = {
			isa = PBXGroup;
			children = (
				6003F59C195388D20070C39A /* ATAppDelegate.h */,
				6003F59D195388D20070C39A /* ATAppDelegate.m */,
				873B8AEA1B1F5CCA007FD442 /* Main.storyboard */,
				6003F5A5195388D20070C39A /* ATViewController.h */,
				6003F5A6195388D20070C39A /* ATViewController.m */,
				197C1A9F28D1CFAA0099842C /* CollectionView */,
				19D5470428CB3FF600FB8263 /* TableView */,
				71719F9D1E33DC2100824A3D /* LaunchScreen.storyboard */,
				6003F5A8195388D20070C39A /* Images.xcassets */,
				6003F594195388D20070C39A /* Supporting Files */,
			);
			name = "Example for ATListViewController";
			path = ATListViewController;
			sourceTree = "<group>";
		};
		6003F594195388D20070C39A /* Supporting Files */ = {
			isa = PBXGroup;
			children = (
				6003F595195388D20070C39A /* ATListViewController-Info.plist */,
				6003F596195388D20070C39A /* InfoPlist.strings */,
				6003F599195388D20070C39A /* main.m */,
				6003F59B195388D20070C39A /* ATListViewController-Prefix.pch */,
			);
			name = "Supporting Files";
			sourceTree = "<group>";
		};
		6003F5B5195388D20070C39A /* Tests */ = {
			isa = PBXGroup;
			children = (
				6003F5BB195388D20070C39A /* Tests.m */,
				6003F5B6195388D20070C39A /* Supporting Files */,
			);
			path = Tests;
			sourceTree = "<group>";
		};
		6003F5B6195388D20070C39A /* Supporting Files */ = {
			isa = PBXGroup;
			children = (
				6003F5B7195388D20070C39A /* Tests-Info.plist */,
				6003F5B8195388D20070C39A /* InfoPlist.strings */,
				606FC2411953D9B200FFA9A0 /* Tests-Prefix.pch */,
			);
			name = "Supporting Files";
			sourceTree = "<group>";
		};
		60FF7A9C1954A5C5007DD14C /* Podspec Metadata */ = {
			isa = PBXGroup;
			children = (
				567BCC4574C390CE8262DF1B /* ATListViewController.podspec */,
				D74A1C3F321BC5CFD52A3738 /* README.md */,
				7C534CCD58DB028E58FDC992 /* LICENSE */,
			);
			name = "Podspec Metadata";
			sourceTree = "<group>";
		};
		944958009F50DDAEEF8AF79F /* Pods */ = {
			isa = PBXGroup;
			children = (
				41642B0E3FAB4679C4FED1B4 /* Pods-ATListViewController_Example.debug.xcconfig */,
				7625957319E789CBF3745DB6 /* Pods-ATListViewController_Example.release.xcconfig */,
				DCE6FEC4B0E6AF180B18D049 /* Pods-ATListViewController_Tests.debug.xcconfig */,
				F82F52F7927B5B28EFA85A61 /* Pods-ATListViewController_Tests.release.xcconfig */,
			);
			path = Pods;
			sourceTree = "<group>";
		};
/* End PBXGroup section */

/* Begin PBXNativeTarget section */
		6003F589195388D20070C39A /* ATListViewController_Example */ = {
			isa = PBXNativeTarget;
			buildConfigurationList = 6003F5BF195388D20070C39A /* Build configuration list for PBXNativeTarget "ATListViewController_Example" */;
			buildPhases = (
				00F9A11C95E132446DC15262 /* [CP] Check Pods Manifest.lock */,
				6003F586195388D20070C39A /* Sources */,
				6003F587195388D20070C39A /* Frameworks */,
				6003F588195388D20070C39A /* Resources */,
				78B1A3663E2A300514D1D4A2 /* [CP] Embed Pods Frameworks */,
			);
			buildRules = (
			);
			dependencies = (
			);
			name = ATListViewController_Example;
			productName = ATListViewController;
			productReference = 6003F58A195388D20070C39A /* ATListViewController_Example.app */;
			productType = "com.apple.product-type.application";
		};
		6003F5AD195388D20070C39A /* ATListViewController_Tests */ = {
			isa = PBXNativeTarget;
			buildConfigurationList = 6003F5C2195388D20070C39A /* Build configuration list for PBXNativeTarget "ATListViewController_Tests" */;
			buildPhases = (
				FAAA9BCC5340EE1055B9A910 /* [CP] Check Pods Manifest.lock */,
				6003F5AA195388D20070C39A /* Sources */,
				6003F5AB195388D20070C39A /* Frameworks */,
				6003F5AC195388D20070C39A /* Resources */,
			);
			buildRules = (
			);
			dependencies = (
				6003F5B4195388D20070C39A /* PBXTargetDependency */,
			);
			name = ATListViewController_Tests;
			productName = ATListViewControllerTests;
			productReference = 6003F5AE195388D20070C39A /* ATListViewController_Tests.xctest */;
			productType = "com.apple.product-type.bundle.unit-test";
		};
/* End PBXNativeTarget section */

/* Begin PBXProject section */
		6003F582195388D10070C39A /* Project object */ = {
			isa = PBXProject;
			attributes = {
				CLASSPREFIX = AT;
				LastUpgradeCheck = 0720;
				ORGANIZATIONNAME = chenjungang;
				TargetAttributes = {
					6003F5AD195388D20070C39A = {
						TestTargetID = 6003F589195388D20070C39A;
					};
				};
			};
			buildConfigurationList = 6003F585195388D10070C39A /* Build configuration list for PBXProject "ATListViewController" */;
			compatibilityVersion = "Xcode 3.2";
			developmentRegion = English;
			hasScannedForEncodings = 0;
			knownRegions = (
				English,
				en,
				Base,
			);
			mainGroup = 6003F581195388D10070C39A;
			productRefGroup = 6003F58B195388D20070C39A /* Products */;
			projectDirPath = "";
			projectRoot = "";
			targets = (
				6003F589195388D20070C39A /* ATListViewController_Example */,
				6003F5AD195388D20070C39A /* ATListViewController_Tests */,
			);
		};
/* End PBXProject section */

/* Begin PBXResourcesBuildPhase section */
		6003F588195388D20070C39A /* Resources */ = {
			isa = PBXResourcesBuildPhase;
			buildActionMask = 2147483647;
			files = (
				873B8AEB1B1F5CCA007FD442 /* Main.storyboard in Resources */,
				71719F9F1E33DC2100824A3D /* LaunchScreen.storyboard in Resources */,
				6003F5A9195388D20070C39A /* Images.xcassets in Resources */,
				194B713D28D0204A00A792D2 /* NewsP2.JSON in Resources */,
				194B713C28D0204A00A792D2 /* NewsP1.JSON in Resources */,
				6003F598195388D20070C39A /* InfoPlist.strings in Resources */,
				194B714328D0403B00A792D2 /* NewsP3.JSON in Resources */,
			);
			runOnlyForDeploymentPostprocessing = 0;
		};
		6003F5AC195388D20070C39A /* Resources */ = {
			isa = PBXResourcesBuildPhase;
			buildActionMask = 2147483647;
			files = (
				6003F5BA195388D20070C39A /* InfoPlist.strings in Resources */,
			);
			runOnlyForDeploymentPostprocessing = 0;
		};
/* End PBXResourcesBuildPhase section */

/* Begin PBXShellScriptBuildPhase section */
		00F9A11C95E132446DC15262 /* [CP] Check Pods Manifest.lock */ = {
			isa = PBXShellScriptBuildPhase;
			buildActionMask = 2147483647;
			files = (
			);
			inputFileListPaths = (
			);
			inputPaths = (
				"${PODS_PODFILE_DIR_PATH}/Podfile.lock",
				"${PODS_ROOT}/Manifest.lock",
			);
			name = "[CP] Check Pods Manifest.lock";
			outputFileListPaths = (
			);
			outputPaths = (
				"$(DERIVED_FILE_DIR)/Pods-ATListViewController_Example-checkManifestLockResult.txt",
			);
			runOnlyForDeploymentPostprocessing = 0;
			shellPath = /bin/sh;
			shellScript = "diff \"${PODS_PODFILE_DIR_PATH}/Podfile.lock\" \"${PODS_ROOT}/Manifest.lock\" > /dev/null\nif [ $? != 0 ] ; then\n    # print error to STDERR\n    echo \"error: The sandbox is not in sync with the Podfile.lock. Run 'pod install' or update your CocoaPods installation.\" >&2\n    exit 1\nfi\n# This output is used by Xcode 'outputs' to avoid re-running this script phase.\necho \"SUCCESS\" > \"${SCRIPT_OUTPUT_FILE_0}\"\n";
			showEnvVarsInLog = 0;
		};
		78B1A3663E2A300514D1D4A2 /* [CP] Embed Pods Frameworks */ = {
			isa = PBXShellScriptBuildPhase;
			buildActionMask = 2147483647;
			files = (
			);
			inputPaths = (
				"${PODS_ROOT}/Target Support Files/Pods-ATListViewController_Example/Pods-ATListViewController_Example-frameworks.sh",
				"${BUILT_PRODUCTS_DIR}/ATBlank/ATBlank.framework",
				"${BUILT_PRODUCTS_DIR}/ATDataLoader/ATDataLoader.framework",
				"${BUILT_PRODUCTS_DIR}/ATListViewController/ATListViewController.framework",
				"${BUILT_PRODUCTS_DIR}/LookinServer/LookinServer.framework",
				"${BUILT_PRODUCTS_DIR}/MJRefresh/MJRefresh.framework",
				"${BUILT_PRODUCTS_DIR}/Masonry/Masonry.framework",
				"${BUILT_PRODUCTS_DIR}/Reachability/Reachability.framework",
				"${BUILT_PRODUCTS_DIR}/YYModel/YYModel.framework",
			);
			name = "[CP] Embed Pods Frameworks";
			outputPaths = (
				"${TARGET_BUILD_DIR}/${FRAMEWORKS_FOLDER_PATH}/ATBlank.framework",
				"${TARGET_BUILD_DIR}/${FRAMEWORKS_FOLDER_PATH}/ATDataLoader.framework",
				"${TARGET_BUILD_DIR}/${FRAMEWORKS_FOLDER_PATH}/ATListViewController.framework",
				"${TARGET_BUILD_DIR}/${FRAMEWORKS_FOLDER_PATH}/LookinServer.framework",
				"${TARGET_BUILD_DIR}/${FRAMEWORKS_FOLDER_PATH}/MJRefresh.framework",
				"${TARGET_BUILD_DIR}/${FRAMEWORKS_FOLDER_PATH}/Masonry.framework",
				"${TARGET_BUILD_DIR}/${FRAMEWORKS_FOLDER_PATH}/Reachability.framework",
				"${TARGET_BUILD_DIR}/${FRAMEWORKS_FOLDER_PATH}/YYModel.framework",
			);
			runOnlyForDeploymentPostprocessing = 0;
			shellPath = /bin/sh;
			shellScript = "\"${PODS_ROOT}/Target Support Files/Pods-ATListViewController_Example/Pods-ATListViewController_Example-frameworks.sh\"\n";
			showEnvVarsInLog = 0;
		};
		FAAA9BCC5340EE1055B9A910 /* [CP] Check Pods Manifest.lock */ = {
			isa = PBXShellScriptBuildPhase;
			buildActionMask = 2147483647;
			files = (
			);
			inputFileListPaths = (
			);
			inputPaths = (
				"${PODS_PODFILE_DIR_PATH}/Podfile.lock",
				"${PODS_ROOT}/Manifest.lock",
			);
			name = "[CP] Check Pods Manifest.lock";
			outputFileListPaths = (
			);
			outputPaths = (
				"$(DERIVED_FILE_DIR)/Pods-ATListViewController_Tests-checkManifestLockResult.txt",
			);
			runOnlyForDeploymentPostprocessing = 0;
			shellPath = /bin/sh;
			shellScript = "diff \"${PODS_PODFILE_DIR_PATH}/Podfile.lock\" \"${PODS_ROOT}/Manifest.lock\" > /dev/null\nif [ $? != 0 ] ; then\n    # print error to STDERR\n    echo \"error: The sandbox is not in sync with the Podfile.lock. Run 'pod install' or update your CocoaPods installation.\" >&2\n    exit 1\nfi\n# This output is used by Xcode 'outputs' to avoid re-running this script phase.\necho \"SUCCESS\" > \"${SCRIPT_OUTPUT_FILE_0}\"\n";
			showEnvVarsInLog = 0;
		};
/* End PBXShellScriptBuildPhase section */

/* Begin PBXSourcesBuildPhase section */
		6003F586195388D20070C39A /* Sources */ = {
			isa = PBXSourcesBuildPhase;
			buildActionMask = 2147483647;
			files = (
				19D5470928CB405900FB8263 /* ATNews.m in Sources */,
				197C1A9E28D1CF990099842C /* ATExampleCollectionViewController.m in Sources */,
				19B66A2E28D1E4CE0055FCEE /* ATNewsCollectionViewCell.m in Sources */,
				19D546FB28CB298700FB8263 /* ATNewsTableViewCell.m in Sources */,
				6003F59E195388D20070C39A /* ATAppDelegate.m in Sources */,
				19D5470228CB3B5800FB8263 /* ATNewsTableSectionHeaderView.m in Sources */,
				19D5470E28CB424E00FB8263 /* ATNewsViewModel.m in Sources */,
				19D546F428CB25C400FB8263 /* ATExampleTableViewController.m in Sources */,
				6003F5A7195388D20070C39A /* ATViewController.m in Sources */,
				6003F59A195388D20070C39A /* main.m in Sources */,
				19B66A2B28D1E4AE0055FCEE /* ATNewsCollectionSectionHeaderView.m in Sources */,
			);
			runOnlyForDeploymentPostprocessing = 0;
		};
		6003F5AA195388D20070C39A /* Sources */ = {
			isa = PBXSourcesBuildPhase;
			buildActionMask = 2147483647;
			files = (
				6003F5BC195388D20070C39A /* Tests.m in Sources */,
			);
			runOnlyForDeploymentPostprocessing = 0;
		};
/* End PBXSourcesBuildPhase section */

/* Begin PBXTargetDependency section */
		6003F5B4195388D20070C39A /* PBXTargetDependency */ = {
			isa = PBXTargetDependency;
			target = 6003F589195388D20070C39A /* ATListViewController_Example */;
			targetProxy = 6003F5B3195388D20070C39A /* PBXContainerItemProxy */;
		};
/* End PBXTargetDependency section */

/* Begin PBXVariantGroup section */
		6003F596195388D20070C39A /* InfoPlist.strings */ = {
			isa = PBXVariantGroup;
			children = (
				6003F597195388D20070C39A /* en */,
			);
			name = InfoPlist.strings;
			sourceTree = "<group>";
		};
		6003F5B8195388D20070C39A /* InfoPlist.strings */ = {
			isa = PBXVariantGroup;
			children = (
				6003F5B9195388D20070C39A /* en */,
			);
			name = InfoPlist.strings;
			sourceTree = "<group>";
		};
		71719F9D1E33DC2100824A3D /* LaunchScreen.storyboard */ = {
			isa = PBXVariantGroup;
			children = (
				71719F9E1E33DC2100824A3D /* Base */,
			);
			name = LaunchScreen.storyboard;
			sourceTree = "<group>";
		};
/* End PBXVariantGroup section */

/* Begin XCBuildConfiguration section */
		6003F5BD195388D20070C39A /* Debug */ = {
			isa = XCBuildConfiguration;
			buildSettings = {
				ALWAYS_SEARCH_USER_PATHS = NO;
				CLANG_CXX_LANGUAGE_STANDARD = "gnu++0x";
				CLANG_CXX_LIBRARY = "libc++";
				CLANG_ENABLE_MODULES = YES;
				CLANG_ENABLE_OBJC_ARC = YES;
				CLANG_WARN_BOOL_CONVERSION = YES;
				CLANG_WARN_CONSTANT_CONVERSION = YES;
				CLANG_WARN_DIRECT_OBJC_ISA_USAGE = YES_ERROR;
				CLANG_WARN_EMPTY_BODY = YES;
				CLANG_WARN_ENUM_CONVERSION = YES;
				CLANG_WARN_INT_CONVERSION = YES;
				CLANG_WARN_OBJC_ROOT_CLASS = YES_ERROR;
				CLANG_WARN__DUPLICATE_METHOD_MATCH = YES;
				"CODE_SIGN_IDENTITY[sdk=iphoneos*]" = "iPhone Developer";
				COPY_PHASE_STRIP = NO;
				ENABLE_TESTABILITY = YES;
				GCC_C_LANGUAGE_STANDARD = gnu99;
				GCC_DYNAMIC_NO_PIC = NO;
				GCC_OPTIMIZATION_LEVEL = 0;
				GCC_PREPROCESSOR_DEFINITIONS = (
					"DEBUG=1",
					"$(inherited)",
				);
				GCC_SYMBOLS_PRIVATE_EXTERN = NO;
				GCC_WARN_64_TO_32_BIT_CONVERSION = YES;
				GCC_WARN_ABOUT_RETURN_TYPE = YES_ERROR;
				GCC_WARN_UNDECLARED_SELECTOR = YES;
				GCC_WARN_UNINITIALIZED_AUTOS = YES_AGGRESSIVE;
				GCC_WARN_UNUSED_FUNCTION = YES;
				GCC_WARN_UNUSED_VARIABLE = YES;
				IPHONEOS_DEPLOYMENT_TARGET = 9.3;
				ONLY_ACTIVE_ARCH = YES;
				SDKROOT = iphoneos;
				TARGETED_DEVICE_FAMILY = "1,2";
			};
			name = Debug;
		};
		6003F5BE195388D20070C39A /* Release */ = {
			isa = XCBuildConfiguration;
			buildSettings = {
				ALWAYS_SEARCH_USER_PATHS = NO;
				CLANG_CXX_LANGUAGE_STANDARD = "gnu++0x";
				CLANG_CXX_LIBRARY = "libc++";
				CLANG_ENABLE_MODULES = YES;
				CLANG_ENABLE_OBJC_ARC = YES;
				CLANG_WARN_BOOL_CONVERSION = YES;
				CLANG_WARN_CONSTANT_CONVERSION = YES;
				CLANG_WARN_DIRECT_OBJC_ISA_USAGE = YES_ERROR;
				CLANG_WARN_EMPTY_BODY = YES;
				CLANG_WARN_ENUM_CONVERSION = YES;
				CLANG_WARN_INT_CONVERSION = YES;
				CLANG_WARN_OBJC_ROOT_CLASS = YES_ERROR;
				CLANG_WARN__DUPLICATE_METHOD_MATCH = YES;
				"CODE_SIGN_IDENTITY[sdk=iphoneos*]" = "iPhone Developer";
				COPY_PHASE_STRIP = YES;
				ENABLE_NS_ASSERTIONS = NO;
				GCC_C_LANGUAGE_STANDARD = gnu99;
				GCC_WARN_64_TO_32_BIT_CONVERSION = YES;
				GCC_WARN_ABOUT_RETURN_TYPE = YES_ERROR;
				GCC_WARN_UNDECLARED_SELECTOR = YES;
				GCC_WARN_UNINITIALIZED_AUTOS = YES_AGGRESSIVE;
				GCC_WARN_UNUSED_FUNCTION = YES;
				GCC_WARN_UNUSED_VARIABLE = YES;
				IPHONEOS_DEPLOYMENT_TARGET = 9.3;
				SDKROOT = iphoneos;
				TARGETED_DEVICE_FAMILY = "1,2";
				VALIDATE_PRODUCT = YES;
			};
			name = Release;
		};
		6003F5C0195388D20070C39A /* Debug */ = {
			isa = XCBuildConfiguration;
			baseConfigurationReference = 41642B0E3FAB4679C4FED1B4 /* Pods-ATListViewController_Example.debug.xcconfig */;
			buildSettings = {
				ASSETCATALOG_COMPILER_APPICON_NAME = AppIcon;
				GCC_PRECOMPILE_PREFIX_HEADER = YES;
				GCC_PREFIX_HEADER = "ATListViewController/ATListViewController-Prefix.pch";
				INFOPLIST_FILE = "ATListViewController/ATListViewController-Info.plist";
				MODULE_NAME = ExampleApp;
				PRODUCT_BUNDLE_IDENTIFIER = "org.cocoapods.demo.${PRODUCT_NAME:rfc1034identifier}";
				PRODUCT_NAME = "$(TARGET_NAME)";
				SWIFT_VERSION = 4.0;
				WRAPPER_EXTENSION = app;
			};
			name = Debug;
		};
		6003F5C1195388D20070C39A /* Release */ = {
			isa = XCBuildConfiguration;
			baseConfigurationReference = 7625957319E789CBF3745DB6 /* Pods-ATListViewController_Example.release.xcconfig */;
			buildSettings = {
				ASSETCATALOG_COMPILER_APPICON_NAME = AppIcon;
				GCC_PRECOMPILE_PREFIX_HEADER = YES;
				GCC_PREFIX_HEADER = "ATListViewController/ATListViewController-Prefix.pch";
				INFOPLIST_FILE = "ATListViewController/ATListViewController-Info.plist";
				MODULE_NAME = ExampleApp;
				PRODUCT_BUNDLE_IDENTIFIER = "org.cocoapods.demo.${PRODUCT_NAME:rfc1034identifier}";
				PRODUCT_NAME = "$(TARGET_NAME)";
				SWIFT_VERSION = 4.0;
				WRAPPER_EXTENSION = app;
			};
			name = Release;
		};
		6003F5C3195388D20070C39A /* Debug */ = {
			isa = XCBuildConfiguration;
			baseConfigurationReference = DCE6FEC4B0E6AF180B18D049 /* Pods-ATListViewController_Tests.debug.xcconfig */;
			buildSettings = {
				BUNDLE_LOADER = "$(TEST_HOST)";
				FRAMEWORK_SEARCH_PATHS = (
					"$(PLATFORM_DIR)/Developer/Library/Frameworks",
					"$(inherited)",
					"$(DEVELOPER_FRAMEWORKS_DIR)",
				);
				GCC_PRECOMPILE_PREFIX_HEADER = YES;
				GCC_PREFIX_HEADER = "Tests/Tests-Prefix.pch";
				GCC_PREPROCESSOR_DEFINITIONS = (
					"DEBUG=1",
					"$(inherited)",
				);
				INFOPLIST_FILE = "Tests/Tests-Info.plist";
				PRODUCT_BUNDLE_IDENTIFIER = "org.cocoapods.demo.${PRODUCT_NAME:rfc1034identifier}";
				PRODUCT_NAME = "$(TARGET_NAME)";
				SWIFT_VERSION = 4.0;
				TEST_HOST = "$(BUILT_PRODUCTS_DIR)/ATListViewController_Example.app/ATListViewController_Example";
				WRAPPER_EXTENSION = xctest;
			};
			name = Debug;
		};
		6003F5C4195388D20070C39A /* Release */ = {
			isa = XCBuildConfiguration;
			baseConfigurationReference = F82F52F7927B5B28EFA85A61 /* Pods-ATListViewController_Tests.release.xcconfig */;
			buildSettings = {
				BUNDLE_LOADER = "$(TEST_HOST)";
				FRAMEWORK_SEARCH_PATHS = (
					"$(PLATFORM_DIR)/Developer/Library/Frameworks",
					"$(inherited)",
					"$(DEVELOPER_FRAMEWORKS_DIR)",
				);
				GCC_PRECOMPILE_PREFIX_HEADER = YES;
				GCC_PREFIX_HEADER = "Tests/Tests-Prefix.pch";
				INFOPLIST_FILE = "Tests/Tests-Info.plist";
				PRODUCT_BUNDLE_IDENTIFIER = "org.cocoapods.demo.${PRODUCT_NAME:rfc1034identifier}";
				PRODUCT_NAME = "$(TARGET_NAME)";
				SWIFT_VERSION = 4.0;
				TEST_HOST = "$(BUILT_PRODUCTS_DIR)/ATListViewController_Example.app/ATListViewController_Example";
				WRAPPER_EXTENSION = xctest;
			};
			name = Release;
		};
/* End XCBuildConfiguration section */

/* Begin XCConfigurationList section */
		6003F585195388D10070C39A /* Build configuration list for PBXProject "ATListViewController" */ = {
			isa = XCConfigurationList;
			buildConfigurations = (
				6003F5BD195388D20070C39A /* Debug */,
				6003F5BE195388D20070C39A /* Release */,
			);
			defaultConfigurationIsVisible = 0;
			defaultConfigurationName = Release;
		};
		6003F5BF195388D20070C39A /* Build configuration list for PBXNativeTarget "ATListViewController_Example" */ = {
			isa = XCConfigurationList;
			buildConfigurations = (
				6003F5C0195388D20070C39A /* Debug */,
				6003F5C1195388D20070C39A /* Release */,
			);
			defaultConfigurationIsVisible = 0;
			defaultConfigurationName = Release;
		};
		6003F5C2195388D20070C39A /* Build configuration list for PBXNativeTarget "ATListViewController_Tests" */ = {
			isa = XCConfigurationList;
			buildConfigurations = (
				6003F5C3195388D20070C39A /* Debug */,
				6003F5C4195388D20070C39A /* Release */,
			);
			defaultConfigurationIsVisible = 0;
			defaultConfigurationName = Release;
		};
/* End XCConfigurationList section */
	};
	rootObject = 6003F582195388D10070C39A /* Project object */;
}
